
Microsoft Visual Studio Solution File, Format Version 12.00
# Visual Studio 2013
VisualStudioVersion = 12.0.40629.0
MinimumVisualStudioVersion = 10.0.40219.1
Project("{FAE04EC0-301F-11D3-BF4B-00C04F79EFBC}") = "LiteratureJournals.Web", "LiteratureJournals\LiteratureJournals.Web.csproj", "{80DDBD8A-DDF8-4540-B520-41DEE0BBBDE7}"
EndProject
Project("{FAE04EC0-301F-11D3-BF4B-00C04F79EFBC}") = "LiteratureJournals.Tests", "LiteratureJournals.Tests\LiteratureJournals.Tests.csproj", "{1B739CEB-2718-4253-A4F5-197E0B5BBA6C}"
EndProject
Project("{FAE04EC0-301F-11D3-BF4B-00C04F79EFBC}") = "LiteratureJournals.Entities", "ClassLibrary1\LiteratureJournals.Entities.csproj", "{8BD6A4DE-13C7-4198-98A3-4210D6A38888}"
EndProject
Global
	GlobalSection(SolutionConfigurationPlatforms) = preSolution
		Debug|Any CPU = Debug|Any CPU
		Release|Any CPU = Release|Any CPU
	EndGlobalSection
	GlobalSection(ProjectConfigurationPlatforms) = postSolution
		{80DDBD8A-DDF8-4540-B520-41DEE0BBBDE7}.Debug|Any CPU.ActiveCfg = Debug|Any CPU
		{80DDBD8A-DDF8-4540-B520-41DEE0BBBDE7}.Debug|Any CPU.Build.0 = Debug|Any CPU
		{80DDBD8A-DDF8-4540-B520-41DEE0BBBDE7}.Release|Any CPU.ActiveCfg = Release|Any CPU
		{80DDBD8A-DDF8-4540-B520-41DEE0BBBDE7}.Release|Any CPU.Build.0 = Release|Any CPU
		{1B739CEB-2718-4253-A4F5-197E0B5BBA6C}.Debug|Any CPU.ActiveCfg = Debug|Any CPU
		{1B739CEB-2718-4253-A4F5-197E0B5BBA6C}.Debug|Any CPU.Build.0 = Debug|Any CPU
		{1B739CEB-2718-4253-A4F5-197E0B5BBA6C}.Release|Any CPU.ActiveCfg = Release|Any CPU
		{1B739CEB-2718-4253-A4F5-197E0B5BBA6C}.Release|Any CPU.Build.0 = Release|Any CPU
		{8BD6A4DE-13C7-4198-98A3-4210D6A38888}.Debug|Any CPU.ActiveCfg = Debug|Any CPU
		{8BD6A4DE-13C7-4198-98A3-4210D6A38888}.Debug|Any CPU.Build.0 = Debug|Any CPU
		{8BD6A4DE-13C7-4198-98A3-4210D6A38888}.Release|Any CPU.ActiveCfg = Release|Any CPU
		{8BD6A4DE-13C7-4198-98A3-4210D6A38888}.Release|Any CPU.Build.0 = Release|Any CPU
	EndGlobalSection
	GlobalSection(SolutionProperties) = preSolution
		HideSolutionNode = FALSE
	EndGlobalSection
EndGlobal
